
Microsoft Visual Studio Solution File, Format Version 12.00
# Visual Studio Version 16
VisualStudioVersion = 16.0.30907.101
MinimumVisualStudioVersion = 10.0.40219.1
Project("{FAE04EC0-301F-11D3-BF4B-00C04F79EFBC}") = "ApiPiedraPapelTijera", "ApiPiedraPapelTijera\ApiPiedraPapelTijera.csproj", "{65BEAD6A-1F8A-4600-85D7-1D7620271888}"
EndProject
Global
	GlobalSection(SolutionConfigurationPlatforms) = preSolution
		Debug|Any CPU = Debug|Any CPU
		Release|Any CPU = Release|Any CPU
	EndGlobalSection
	GlobalSection(ProjectConfigurationPlatforms) = postSolution
		{65BEAD6A-1F8A-4600-85D7-1D7620271888}.Debug|Any CPU.ActiveCfg = Debug|Any CPU
		{65BEAD6A-1F8A-4600-85D7-1D7620271888}.Debug|Any CPU.Build.0 = Debug|Any CPU
		{65BEAD6A-1F8A-4600-85D7-1D7620271888}.Release|Any CPU.ActiveCfg = Release|Any CPU
		{65BEAD6A-1F8A-4600-85D7-1D7620271888}.Release|Any CPU.Build.0 = Release|Any CPU
	EndGlobalSection
	GlobalSection(SolutionProperties) = preSolution
		HideSolutionNode = FALSE
	EndGlobalSection
	GlobalSection(ExtensibilityGlobals) = postSolution
		SolutionGuid = {4DB62211-6FAA-4167-9410-7895CDFA9B2E}
	EndGlobalSection
EndGlobal
